
Microsoft Visual Studio Solution File, Format Version 12.00
# Visual Studio Version 16
VisualStudioVersion = 16.0.31105.61
MinimumVisualStudioVersion = 10.0.40219.1
Project("{9A19103F-16F7-4668-BE54-9A1E7A4F7556}") = "Snackis", "Snackis\Snackis.csproj", "{D2353350-EF78-463E-8CAD-DDF72F815636}"
EndProject
Global
	GlobalSection(SolutionConfigurationPlatforms) = preSolution
		Debug|Any CPU = Debug|Any CPU
		Release|Any CPU = Release|Any CPU
	EndGlobalSection
	GlobalSection(ProjectConfigurationPlatforms) = postSolution
		{D2353350-EF78-463E-8CAD-DDF72F815636}.Debug|Any CPU.ActiveCfg = Debug|Any CPU
		{D2353350-EF78-463E-8CAD-DDF72F815636}.Debug|Any CPU.Build.0 = Debug|Any CPU
		{D2353350-EF78-463E-8CAD-DDF72F815636}.Release|Any CPU.ActiveCfg = Release|Any CPU
		{D2353350-EF78-463E-8CAD-DDF72F815636}.Release|Any CPU.Build.0 = Release|Any CPU
	EndGlobalSection
	GlobalSection(SolutionProperties) = preSolution
		HideSolutionNode = FALSE
	EndGlobalSection
	GlobalSection(ExtensibilityGlobals) = postSolution
		SolutionGuid = {4B6899D8-E93C-418E-A417-9D8624445BD9}
	EndGlobalSection
EndGlobal
